
Microsoft Visual Studio Solution File, Format Version 12.00
# Visual Studio Version 17
VisualStudioVersion = 17.9.34616.47
MinimumVisualStudioVersion = 10.0.40219.1
Project("{FAE04EC0-301F-11D3-BF4B-00C04F79EFBC}") = "MvcMovie", "MvcMovie\MvcMovie.csproj", "{5F17C2CD-7F87-4BF2-AFFA-AEC32CCA4CB7}"
EndProject
Global
	GlobalSection(SolutionConfigurationPlatforms) = preSolution
		Debug|Any CPU = Debug|Any CPU
		Release|Any CPU = Release|Any CPU
	EndGlobalSection
	GlobalSection(ProjectConfigurationPlatforms) = postSolution
		{5F17C2CD-7F87-4BF2-AFFA-AEC32CCA4CB7}.Debug|Any CPU.ActiveCfg = Debug|Any CPU
		{5F17C2CD-7F87-4BF2-AFFA-AEC32CCA4CB7}.Debug|Any CPU.Build.0 = Debug|Any CPU
		{5F17C2CD-7F87-4BF2-AFFA-AEC32CCA4CB7}.Release|Any CPU.ActiveCfg = Release|Any CPU
		{5F17C2CD-7F87-4BF2-AFFA-AEC32CCA4CB7}.Release|Any CPU.Build.0 = Release|Any CPU
	EndGlobalSection
	GlobalSection(SolutionProperties) = preSolution
		HideSolutionNode = FALSE
	EndGlobalSection
	GlobalSection(ExtensibilityGlobals) = postSolution
		SolutionGuid = {717B1EF0-119E-47D3-8574-EB9B111B8FF4}
	EndGlobalSection
EndGlobal
